
Microsoft Visual Studio Solution File, Format Version 12.00
# Visual Studio Version 17
VisualStudioVersion = 17.3.32929.385
MinimumVisualStudioVersion = 10.0.40219.1
Project("{9A19103F-16F7-4668-BE54-9A1E7A4F7556}") = "ScreenDistance.UI", "CursorDistance\ScreenDistance.UI.csproj", "{97DA3138-4CA0-472C-BCF8-D3AF4236C26B}"
EndProject
Project("{9A19103F-16F7-4668-BE54-9A1E7A4F7556}") = "ScreenDistance.Core", "Core\ScreenDistance.Core.csproj", "{A7E1250C-3BE8-4816-8202-67A1D3AD7D62}"
EndProject
Global
	GlobalSection(SolutionConfigurationPlatforms) = preSolution
		Debug|Any CPU = Debug|Any CPU
		Release|Any CPU = Release|Any CPU
	EndGlobalSection
	GlobalSection(ProjectConfigurationPlatforms) = postSolution
		{97DA3138-4CA0-472C-BCF8-D3AF4236C26B}.Debug|Any CPU.ActiveCfg = Debug|Any CPU
		{97DA3138-4CA0-472C-BCF8-D3AF4236C26B}.Debug|Any CPU.Build.0 = Debug|Any CPU
		{97DA3138-4CA0-472C-BCF8-D3AF4236C26B}.Release|Any CPU.ActiveCfg = Release|Any CPU
		{97DA3138-4CA0-472C-BCF8-D3AF4236C26B}.Release|Any CPU.Build.0 = Release|Any CPU
		{A7E1250C-3BE8-4816-8202-67A1D3AD7D62}.Debug|Any CPU.ActiveCfg = Debug|Any CPU
		{A7E1250C-3BE8-4816-8202-67A1D3AD7D62}.Debug|Any CPU.Build.0 = Debug|Any CPU
		{A7E1250C-3BE8-4816-8202-67A1D3AD7D62}.Release|Any CPU.ActiveCfg = Release|Any CPU
		{A7E1250C-3BE8-4816-8202-67A1D3AD7D62}.Release|Any CPU.Build.0 = Release|Any CPU
	EndGlobalSection
	GlobalSection(SolutionProperties) = preSolution
		HideSolutionNode = FALSE
	EndGlobalSection
	GlobalSection(ExtensibilityGlobals) = postSolution
		SolutionGuid = {F6B0BD75-9450-4A91-A22D-79E3F56C45D2}
	EndGlobalSection
EndGlobal
